
Microsoft Visual Studio Solution File, Format Version 12.00
# Visual Studio 15
VisualStudioVersion = 15.0.27130.2010
MinimumVisualStudioVersion = 10.0.40219.1
Project("{FAE04EC0-301F-11D3-BF4B-00C04F79EFBC}") = "RecycleView", "RecycleView\RecycleView.csproj", "{7B066124-4E49-4053-BD2D-2F70C94A0891}"
EndProject
Global
	GlobalSection(SolutionConfigurationPlatforms) = preSolution
		Debug|Any CPU = Debug|Any CPU
		Release|Any CPU = Release|Any CPU
	EndGlobalSection
	GlobalSection(ProjectConfigurationPlatforms) = postSolution
		{7B066124-4E49-4053-BD2D-2F70C94A0891}.Debug|Any CPU.ActiveCfg = Debug|Any CPU
		{7B066124-4E49-4053-BD2D-2F70C94A0891}.Debug|Any CPU.Build.0 = Debug|Any CPU
		{7B066124-4E49-4053-BD2D-2F70C94A0891}.Debug|Any CPU.Deploy.0 = Debug|Any CPU
		{7B066124-4E49-4053-BD2D-2F70C94A0891}.Release|Any CPU.ActiveCfg = Release|Any CPU
		{7B066124-4E49-4053-BD2D-2F70C94A0891}.Release|Any CPU.Build.0 = Release|Any CPU
		{7B066124-4E49-4053-BD2D-2F70C94A0891}.Release|Any CPU.Deploy.0 = Release|Any CPU
	EndGlobalSection
	GlobalSection(SolutionProperties) = preSolution
		HideSolutionNode = FALSE
	EndGlobalSection
	GlobalSection(ExtensibilityGlobals) = postSolution
		SolutionGuid = {BF87D261-C9B7-4F6A-A295-58A170A3153C}
	EndGlobalSection
EndGlobal
